
Microsoft Visual Studio Solution File, Format Version 12.00
# Visual Studio Version 17
VisualStudioVersion = 17.8.34330.188
MinimumVisualStudioVersion = 10.0.40219.1
Project("{FAE04EC0-301F-11D3-BF4B-00C04F79EFBC}") = "SlovenskeSlova", "SlovenskeSlova\SlovenskeSlova.csproj", "{252B9CC7-F30A-4691-90EB-945360C8CC19}"
EndProject
Global
	GlobalSection(SolutionConfigurationPlatforms) = preSolution
		Debug|Any CPU = Debug|Any CPU
		Release|Any CPU = Release|Any CPU
	EndGlobalSection
	GlobalSection(ProjectConfigurationPlatforms) = postSolution
		{252B9CC7-F30A-4691-90EB-945360C8CC19}.Debug|Any CPU.ActiveCfg = Debug|Any CPU
		{252B9CC7-F30A-4691-90EB-945360C8CC19}.Debug|Any CPU.Build.0 = Debug|Any CPU
		{252B9CC7-F30A-4691-90EB-945360C8CC19}.Release|Any CPU.ActiveCfg = Release|Any CPU
		{252B9CC7-F30A-4691-90EB-945360C8CC19}.Release|Any CPU.Build.0 = Release|Any CPU
	EndGlobalSection
	GlobalSection(SolutionProperties) = preSolution
		HideSolutionNode = FALSE
	EndGlobalSection
	GlobalSection(ExtensibilityGlobals) = postSolution
		SolutionGuid = {D0D0877A-62F5-441E-A7B9-102E77A3DC63}
	EndGlobalSection
EndGlobal
